# This file is automatically @generated by Cargo.
# It is not intended for manual editing.
version = 4

[[package]]
name = "cozy-chess"
version = "0.3.4"
source = "git+https://github.com/JackThomson2/cozy-chess?branch=board-state-save-restore#7e93cdea094a50c1574081ceb6e7b269ad0234ee"
dependencies = [
 "cozy-chess-types",
]

[[package]]
name = "cozy-chess-types"
version = "0.2.2"
source = "git+https://github.com/JackThomson2/cozy-chess?branch=board-state-save-restore#7e93cdea094a50c1574081ceb6e7b269ad0234ee"

[[package]]
name = "jakgro"
version = "0.1.0"
dependencies = [
 "cozy-chess",
]
